
Microsoft Visual Studio Solution File, Format Version 12.00
# Visual Studio 14
VisualStudioVersion = 14.0.25420.1
MinimumVisualStudioVersion = 10.0.40219.1
Project("{FAE04EC0-301F-11D3-BF4B-00C04F79EFBC}") = "WebApplicationTest", "WebApplicationTest\WebApplicationTest.csproj", "{884F7F42-E8B8-4C64-9337-FB9D8BC18E37}"
EndProject
Project("{FAE04EC0-301F-11D3-BF4B-00C04F79EFBC}") = "WebApplicationTest.Tests", "WebApplicationTest.Tests\WebApplicationTest.Tests.csproj", "{2286905B-3867-44E8-A986-52BC3511EFAA}"
EndProject
Global
	GlobalSection(SolutionConfigurationPlatforms) = preSolution
		Debug|Any CPU = Debug|Any CPU
		Release|Any CPU = Release|Any CPU
	EndGlobalSection
	GlobalSection(ProjectConfigurationPlatforms) = postSolution
		{884F7F42-E8B8-4C64-9337-FB9D8BC18E37}.Debug|Any CPU.ActiveCfg = Debug|Any CPU
		{884F7F42-E8B8-4C64-9337-FB9D8BC18E37}.Debug|Any CPU.Build.0 = Debug|Any CPU
		{884F7F42-E8B8-4C64-9337-FB9D8BC18E37}.Release|Any CPU.ActiveCfg = Release|Any CPU
		{884F7F42-E8B8-4C64-9337-FB9D8BC18E37}.Release|Any CPU.Build.0 = Release|Any CPU
		{2286905B-3867-44E8-A986-52BC3511EFAA}.Debug|Any CPU.ActiveCfg = Debug|Any CPU
		{2286905B-3867-44E8-A986-52BC3511EFAA}.Debug|Any CPU.Build.0 = Debug|Any CPU
		{2286905B-3867-44E8-A986-52BC3511EFAA}.Release|Any CPU.ActiveCfg = Release|Any CPU
		{2286905B-3867-44E8-A986-52BC3511EFAA}.Release|Any CPU.Build.0 = Release|Any CPU
	EndGlobalSection
	GlobalSection(SolutionProperties) = preSolution
		HideSolutionNode = FALSE
	EndGlobalSection
EndGlobal
